PODS:
  - GoogleMaps (8.4.0):
    - GoogleMaps/Maps (= 8.4.0)
  - GoogleMaps/Base (8.4.0)
  - GoogleMaps/Maps (8.4.0):
    - GoogleMaps/Base
  - SwiftLint (0.55.1)

DEPENDENCIES:
  - GoogleMaps (= 8.4.0)
  - SwiftLint

SPEC REPOS:
  trunk:
    - GoogleMaps
    - SwiftLint

SPEC CHECKSUMS:
  GoogleMaps: 8939898920281c649150e0af74aa291c60f2e77d
  SwiftLint: 3fe909719babe5537c552ee8181c0031392be933

PODFILE CHECKSUM: b8113a8ea47e2305cf67fb2184f9e9a39491e3d2

COCOAPODS: 1.14.3
