// !$*UTF8*$!
{
	archiveVersion = 1;
	classes = {
	};
	objectVersion = 56;
	objects = {

/* Begin PBXBuildFile section */
		D253932E2C4C178400DEF9F8 /* UsersViewModel.swift in Sources */ = {isa = PBXBuildFile; fileRef = D253932D2C4C178400DEF9F8 /* UsersViewModel.swift */; };
		D25393302C4C2B2F00DEF9F8 /* String+Extensions.swift in Sources */ = {isa = PBXBuildFile; fileRef = D253932F2C4C2B2F00DEF9F8 /* String+Extensions.swift */; };
		D25393392C4C792D00DEF9F8 /* UserMapViewController.swift in Sources */ = {isa = PBXBuildFile; fileRef = D25393372C4C792D00DEF9F8 /* UserMapViewController.swift */; };
		D253933A2C4C792D00DEF9F8 /* UserMapViewController.xib in Resources */ = {isa = PBXBuildFile; fileRef = D25393382C4C792D00DEF9F8 /* UserMapViewController.xib */; };
		D253933D2C4C7AF000DEF9F8 /* UserMapViewModel.swift in Sources */ = {isa = PBXBuildFile; fileRef = D253933C2C4C7AF000DEF9F8 /* UserMapViewModel.swift */; };
		D28C23C72C4C144A009AEF78 /* UserTableViewCell.swift in Sources */ = {isa = PBXBuildFile; fileRef = D28C23C52C4C144A009AEF78 /* UserTableViewCell.swift */; };
		D28C23C82C4C144A009AEF78 /* UserTableViewCell.xib in Resources */ = {isa = PBXBuildFile; fileRef = D28C23C62C4C144A009AEF78 /* UserTableViewCell.xib */; };
		D2C1E83C2C49DA0D003DEA20 /* AppDelegate.swift in Sources */ = {isa = PBXBuildFile; fileRef = D2C1E83B2C49DA0D003DEA20 /* AppDelegate.swift */; };
		D2C1E83E2C49DA0D003DEA20 /* SceneDelegate.swift in Sources */ = {isa = PBXBuildFile; fileRef = D2C1E83D2C49DA0D003DEA20 /* SceneDelegate.swift */; };
		D2C1E8452C49DA0E003DEA20 /* Assets.xcassets in Resources */ = {isa = PBXBuildFile; fileRef = D2C1E8442C49DA0E003DEA20 /* Assets.xcassets */; };
		D2C1E8482C49DA0E003DEA20 /* Base in Resources */ = {isa = PBXBuildFile; fileRef = D2C1E8472C49DA0E003DEA20 /* Base */; };
		D2C1E8562C49DD28003DEA20 /* TabBarViewController.swift in Sources */ = {isa = PBXBuildFile; fileRef = D2C1E8552C49DD28003DEA20 /* TabBarViewController.swift */; };
		D2C1E8592C49DD4A003DEA20 /* UIViewController+Extensions.swift in Sources */ = {isa = PBXBuildFile; fileRef = D2C1E8582C49DD4A003DEA20 /* UIViewController+Extensions.swift */; };
		D2C1E8632C49F0EB003DEA20 /* Service.swift in Sources */ = {isa = PBXBuildFile; fileRef = D2C1E8602C49F0EB003DEA20 /* Service.swift */; };
		D2C1E8642C49F0EB003DEA20 /* ServiceError.swift in Sources */ = {isa = PBXBuildFile; fileRef = D2C1E8612C49F0EB003DEA20 /* ServiceError.swift */; };
		D2C1E8652C49F0EB003DEA20 /* ServicePath.swift in Sources */ = {isa = PBXBuildFile; fileRef = D2C1E8622C49F0EB003DEA20 /* ServicePath.swift */; };
		D2C1E8682C49F171003DEA20 /* UserModel.swift in Sources */ = {isa = PBXBuildFile; fileRef = D2C1E8662C49F171003DEA20 /* UserModel.swift */; };
		D2C1E8692C49F171003DEA20 /* NewsModel.swift in Sources */ = {isa = PBXBuildFile; fileRef = D2C1E8672C49F171003DEA20 /* NewsModel.swift */; };
		D2C1E86D2C49F7EB003DEA20 /* NewsViewController.swift in Sources */ = {isa = PBXBuildFile; fileRef = D2C1E86B2C49F7EB003DEA20 /* NewsViewController.swift */; };
		D2C1E86E2C49F7EB003DEA20 /* NewsViewController.xib in Resources */ = {isa = PBXBuildFile; fileRef = D2C1E86C2C49F7EB003DEA20 /* NewsViewController.xib */; };
		D2C1E8722C49F9D4003DEA20 /* NewsTableViewCell.swift in Sources */ = {isa = PBXBuildFile; fileRef = D2C1E8702C49F9D4003DEA20 /* NewsTableViewCell.swift */; };
		D2C1E8732C49F9D4003DEA20 /* NewsTableViewCell.xib in Resources */ = {isa = PBXBuildFile; fileRef = D2C1E8712C49F9D4003DEA20 /* NewsTableViewCell.xib */; };
		D2C1E8752C49FCEA003DEA20 /* NewsViewModel.swift in Sources */ = {isa = PBXBuildFile; fileRef = D2C1E8742C49FCEA003DEA20 /* NewsViewModel.swift */; };
		D2C1E8792C4B284D003DEA20 /* NewsDetailViewController.swift in Sources */ = {isa = PBXBuildFile; fileRef = D2C1E8772C4B284D003DEA20 /* NewsDetailViewController.swift */; };
		D2C1E87A2C4B284D003DEA20 /* NewsDetailViewController.xib in Resources */ = {isa = PBXBuildFile; fileRef = D2C1E8782C4B284D003DEA20 /* NewsDetailViewController.xib */; };
		D2C1E87E2C4B2CE2003DEA20 /* NewsDetailViewModel.swift in Sources */ = {isa = PBXBuildFile; fileRef = D2C1E87D2C4B2CE2003DEA20 /* NewsDetailViewModel.swift */; };
		D2C1E8822C4C0F7F003DEA20 /* UsersViewController.swift in Sources */ = {isa = PBXBuildFile; fileRef = D2C1E8802C4C0F7F003DEA20 /* UsersViewController.swift */; };
		D2C1E8832C4C0F7F003DEA20 /* UsersViewController.xib in Resources */ = {isa = PBXBuildFile; fileRef = D2C1E8812C4C0F7F003DEA20 /* UsersViewController.xib */; };
		ECD160590EEB4FB30A8FF45D /* Pods_JSONPlaceholderApp.framework in Frameworks */ = {isa = PBXBuildFile; fileRef = 2DDF860186862A08F9472E9A /* Pods_JSONPlaceholderApp.framework */; };
/* End PBXBuildFile section */

/* Begin PBXFileReference section */
		2DDF860186862A08F9472E9A /* Pods_JSONPlaceholderApp.framework */ = {isa = PBXFileReference; explicitFileType = wrapper.framework; includeInIndex = 0; path = Pods_JSONPlaceholderApp.framework; sourceTree = BUILT_PRODUCTS_DIR; };
		808F939D3FB01BA2D15CC6D1 /* Pods-JSONPlaceholderApp.release.xcconfig */ = {isa = PBXFileReference; includeInIndex = 1; lastKnownFileType = text.xcconfig; name = "Pods-JSONPlaceholderApp.release.xcconfig"; path = "Target Support Files/Pods-JSONPlaceholderApp/Pods-JSONPlaceholderApp.release.xcconfig"; sourceTree = "<group>"; };
		D253932D2C4C178400DEF9F8 /* UsersViewModel.swift */ = {isa = PBXFileReference; lastKnownFileType = sourcecode.swift; path = UsersViewModel.swift; sourceTree = "<group>"; };
		D253932F2C4C2B2F00DEF9F8 /* String+Extensions.swift */ = {isa = PBXFileReference; lastKnownFileType = sourcecode.swift; path = "String+Extensions.swift"; sourceTree = "<group>"; };
		D25393372C4C792D00DEF9F8 /* UserMapViewController.swift */ = {isa = PBXFileReference; lastKnownFileType = sourcecode.swift; path = UserMapViewController.swift; sourceTree = "<group>"; };
		D25393382C4C792D00DEF9F8 /* UserMapViewController.xib */ = {isa = PBXFileReference; lastKnownFileType = file.xib; path = UserMapViewController.xib; sourceTree = "<group>"; };
		D253933C2C4C7AF000DEF9F8 /* UserMapViewModel.swift */ = {isa = PBXFileReference; lastKnownFileType = sourcecode.swift; path = UserMapViewModel.swift; sourceTree = "<group>"; };
		D28C23C52C4C144A009AEF78 /* UserTableViewCell.swift */ = {isa = PBXFileReference; lastKnownFileType = sourcecode.swift; path = UserTableViewCell.swift; sourceTree = "<group>"; };
		D28C23C62C4C144A009AEF78 /* UserTableViewCell.xib */ = {isa = PBXFileReference; lastKnownFileType = file.xib; path = UserTableViewCell.xib; sourceTree = "<group>"; };
		D2C1E8382C49DA0D003DEA20 /* JSONPlaceholderApp.app */ = {isa = PBXFileReference; explicitFileType = wrapper.application; includeInIndex = 0; path = JSONPlaceholderApp.app; sourceTree = BUILT_PRODUCTS_DIR; };
		D2C1E83B2C49DA0D003DEA20 /* AppDelegate.swift */ = {isa = PBXFileReference; lastKnownFileType = sourcecode.swift; path = AppDelegate.swift; sourceTree = "<group>"; };
		D2C1E83D2C49DA0D003DEA20 /* SceneDelegate.swift */ = {isa = PBXFileReference; lastKnownFileType = sourcecode.swift; path = SceneDelegate.swift; sourceTree = "<group>"; };
		D2C1E8442C49DA0E003DEA20 /* Assets.xcassets */ = {isa = PBXFileReference; lastKnownFileType = folder.assetcatalog; path = Assets.xcassets; sourceTree = "<group>"; };
		D2C1E8472C49DA0E003DEA20 /* Base */ = {isa = PBXFileReference; lastKnownFileType = file.storyboard; name = Base; path = Base.lproj/LaunchScreen.storyboard; sourceTree = "<group>"; };
		D2C1E8492C49DA0E003DEA20 /* Info.plist */ = {isa = PBXFileReference; lastKnownFileType = text.plist.xml; path = Info.plist; sourceTree = "<group>"; };
		D2C1E8552C49DD28003DEA20 /* TabBarViewController.swift */ = {isa = PBXFileReference; fileEncoding = 4; lastKnownFileType = sourcecode.swift; path = TabBarViewController.swift; sourceTree = "<group>"; };
		D2C1E8582C49DD4A003DEA20 /* UIViewController+Extensions.swift */ = {isa = PBXFileReference; fileEncoding = 4; lastKnownFileType = sourcecode.swift; path = "UIViewController+Extensions.swift"; sourceTree = "<group>"; };
		D2C1E8602C49F0EB003DEA20 /* Service.swift */ = {isa = PBXFileReference; fileEncoding = 4; lastKnownFileType = sourcecode.swift; path = Service.swift; sourceTree = "<group>"; };
		D2C1E8612C49F0EB003DEA20 /* ServiceError.swift */ = {isa = PBXFileReference; fileEncoding = 4; lastKnownFileType = sourcecode.swift; path = ServiceError.swift; sourceTree = "<group>"; };
		D2C1E8622C49F0EB003DEA20 /* ServicePath.swift */ = {isa = PBXFileReference; fileEncoding = 4; lastKnownFileType = sourcecode.swift; path = ServicePath.swift; sourceTree = "<group>"; };
		D2C1E8662C49F171003DEA20 /* UserModel.swift */ = {isa = PBXFileReference; fileEncoding = 4; lastKnownFileType = sourcecode.swift; path = UserModel.swift; sourceTree = "<group>"; };
		D2C1E8672C49F171003DEA20 /* NewsModel.swift */ = {isa = PBXFileReference; fileEncoding = 4; lastKnownFileType = sourcecode.swift; path = NewsModel.swift; sourceTree = "<group>"; };
		D2C1E86B2C49F7EB003DEA20 /* NewsViewController.swift */ = {isa = PBXFileReference; lastKnownFileType = sourcecode.swift; path = NewsViewController.swift; sourceTree = "<group>"; };
		D2C1E86C2C49F7EB003DEA20 /* NewsViewController.xib */ = {isa = PBXFileReference; lastKnownFileType = file.xib; path = NewsViewController.xib; sourceTree = "<group>"; };
		D2C1E8702C49F9D4003DEA20 /* NewsTableViewCell.swift */ = {isa = PBXFileReference; lastKnownFileType = sourcecode.swift; path = NewsTableViewCell.swift; sourceTree = "<group>"; };
		D2C1E8712C49F9D4003DEA20 /* NewsTableViewCell.xib */ = {isa = PBXFileReference; lastKnownFileType = file.xib; path = NewsTableViewCell.xib; sourceTree = "<group>"; };
		D2C1E8742C49FCEA003DEA20 /* NewsViewModel.swift */ = {isa = PBXFileReference; lastKnownFileType = sourcecode.swift; path = NewsViewModel.swift; sourceTree = "<group>"; };
		D2C1E8772C4B284D003DEA20 /* NewsDetailViewController.swift */ = {isa = PBXFileReference; lastKnownFileType = sourcecode.swift; path = NewsDetailViewController.swift; sourceTree = "<group>"; };
		D2C1E8782C4B284D003DEA20 /* NewsDetailViewController.xib */ = {isa = PBXFileReference; lastKnownFileType = file.xib; path = NewsDetailViewController.xib; sourceTree = "<group>"; };
		D2C1E87D2C4B2CE2003DEA20 /* NewsDetailViewModel.swift */ = {isa = PBXFileReference; lastKnownFileType = sourcecode.swift; path = NewsDetailViewModel.swift; sourceTree = "<group>"; };
		D2C1E8802C4C0F7F003DEA20 /* UsersViewController.swift */ = {isa = PBXFileReference; lastKnownFileType = sourcecode.swift; path = UsersViewController.swift; sourceTree = "<group>"; };
		D2C1E8812C4C0F7F003DEA20 /* UsersViewController.xib */ = {isa = PBXFileReference; lastKnownFileType = file.xib; path = UsersViewController.xib; sourceTree = "<group>"; };
		D355B9AC769922B83DA0A226 /* Pods-JSONPlaceholderApp.debug.xcconfig */ = {isa = PBXFileReference; includeInIndex = 1; lastKnownFileType = text.xcconfig; name = "Pods-JSONPlaceholderApp.debug.xcconfig"; path = "Target Support Files/Pods-JSONPlaceholderApp/Pods-JSONPlaceholderApp.debug.xcconfig"; sourceTree = "<group>"; };
/* End PBXFileReference section */

/* Begin PBXFrameworksBuildPhase section */
		D2C1E8352C49DA0D003DEA20 /* Frameworks */ = {
			isa = PBXFrameworksBuildPhase;
			buildActionMask = 2147483647;
			files = (
				ECD160590EEB4FB30A8FF45D /* Pods_JSONPlaceholderApp.framework in Frameworks */,
			);
			runOnlyForDeploymentPostprocessing = 0;
		};
/* End PBXFrameworksBuildPhase section */

/* Begin PBXGroup section */
		21B66FF24A556E939F32F20F /* Pods */ = {
			isa = PBXGroup;
			children = (
				D355B9AC769922B83DA0A226 /* Pods-JSONPlaceholderApp.debug.xcconfig */,
				808F939D3FB01BA2D15CC6D1 /* Pods-JSONPlaceholderApp.release.xcconfig */,
			);
			path = Pods;
			sourceTree = "<group>";
		};
		CDCD5F4CEC6A58709772C0DC /* Frameworks */ = {
			isa = PBXGroup;
			children = (
				2DDF860186862A08F9472E9A /* Pods_JSONPlaceholderApp.framework */,
			);
			name = Frameworks;
			sourceTree = "<group>";
		};
		D253932C2C4C175500DEF9F8 /* UsersViewModel */ = {
			isa = PBXGroup;
			children = (
				D253932D2C4C178400DEF9F8 /* UsersViewModel.swift */,
			);
			path = UsersViewModel;
			sourceTree = "<group>";
		};
		D25393362C4C791000DEF9F8 /* UserMapViewController */ = {
			isa = PBXGroup;
			children = (
				D25393372C4C792D00DEF9F8 /* UserMapViewController.swift */,
				D25393382C4C792D00DEF9F8 /* UserMapViewController.xib */,
			);
			path = UserMapViewController;
			sourceTree = "<group>";
		};
		D253933B2C4C7AD800DEF9F8 /* UserMapViewModel */ = {
			isa = PBXGroup;
			children = (
				D253933C2C4C7AF000DEF9F8 /* UserMapViewModel.swift */,
			);
			path = UserMapViewModel;
			sourceTree = "<group>";
		};
		D28C23C42C4C1431009AEF78 /* UserTableViewCell */ = {
			isa = PBXGroup;
			children = (
				D28C23C52C4C144A009AEF78 /* UserTableViewCell.swift */,
				D28C23C62C4C144A009AEF78 /* UserTableViewCell.xib */,
			);
			path = UserTableViewCell;
			sourceTree = "<group>";
		};
		D2C1E82F2C49DA0C003DEA20 = {
			isa = PBXGroup;
			children = (
				D2C1E83A2C49DA0D003DEA20 /* JSONPlaceholderApp */,
				D2C1E8392C49DA0D003DEA20 /* Products */,
				21B66FF24A556E939F32F20F /* Pods */,
				CDCD5F4CEC6A58709772C0DC /* Frameworks */,
			);
			sourceTree = "<group>";
		};
		D2C1E8392C49DA0D003DEA20 /* Products */ = {
			isa = PBXGroup;
			children = (
				D2C1E8382C49DA0D003DEA20 /* JSONPlaceholderApp.app */,
			);
			name = Products;
			sourceTree = "<group>";
		};
		D2C1E83A2C49DA0D003DEA20 /* JSONPlaceholderApp */ = {
			isa = PBXGroup;
			children = (
				D2C1E85F2C49F0D1003DEA20 /* Service */,
				D2C1E8522C49DBCA003DEA20 /* Model */,
				D2C1E8512C49DBC3003DEA20 /* ViewModel */,
				D2C1E8502C49DBB5003DEA20 /* View */,
				D2C1E8572C49DD37003DEA20 /* Extensions */,
				D2C1E84F2C49DBA4003DEA20 /* Supponting Files */,
				D2C1E8492C49DA0E003DEA20 /* Info.plist */,
			);
			path = JSONPlaceholderApp;
			sourceTree = "<group>";
		};
		D2C1E84F2C49DBA4003DEA20 /* Supponting Files */ = {
			isa = PBXGroup;
			children = (
				D2C1E83B2C49DA0D003DEA20 /* AppDelegate.swift */,
				D2C1E83D2C49DA0D003DEA20 /* SceneDelegate.swift */,
				D2C1E8442C49DA0E003DEA20 /* Assets.xcassets */,
			);
			path = "Supponting Files";
			sourceTree = "<group>";
		};
		D2C1E8502C49DBB5003DEA20 /* View */ = {
			isa = PBXGroup;
			children = (
				D25393362C4C791000DEF9F8 /* UserMapViewController */,
				D2C1E87F2C4C0F5D003DEA20 /* UsersViewController */,
				D2C1E8762C4B2815003DEA20 /* NewsDetailViewController */,
				D2C1E86A2C49F7BD003DEA20 /* NewsViewController */,
				D2C1E8542C49DD0E003DEA20 /* TabBarViewController */,
				D2C1E8532C49DBD8003DEA20 /* LaunchScreen */,
			);
			path = View;
			sourceTree = "<group>";
		};
		D2C1E8512C49DBC3003DEA20 /* ViewModel */ = {
			isa = PBXGroup;
			children = (
				D253933B2C4C7AD800DEF9F8 /* UserMapViewModel */,
				D253932C2C4C175500DEF9F8 /* UsersViewModel */,
				D2C1E87C2C4B2CC4003DEA20 /* NewsDetailViewModel */,
				D2C1E87B2C4B2CB7003DEA20 /* NewsViewModel */,
			);
			path = ViewModel;
			sourceTree = "<group>";
		};
		D2C1E8522C49DBCA003DEA20 /* Model */ = {
			isa = PBXGroup;
			children = (
				D2C1E8672C49F171003DEA20 /* NewsModel.swift */,
				D2C1E8662C49F171003DEA20 /* UserModel.swift */,
			);
			path = Model;
			sourceTree = "<group>";
		};
		D2C1E8532C49DBD8003DEA20 /* LaunchScreen */ = {
			isa = PBXGroup;
			children = (
				D2C1E8462C49DA0E003DEA20 /* LaunchScreen.storyboard */,
			);
			path = LaunchScreen;
			sourceTree = "<group>";
		};
		D2C1E8542C49DD0E003DEA20 /* TabBarViewController */ = {
			isa = PBXGroup;
			children = (
				D2C1E8552C49DD28003DEA20 /* TabBarViewController.swift */,
			);
			path = TabBarViewController;
			sourceTree = "<group>";
		};
		D2C1E8572C49DD37003DEA20 /* Extensions */ = {
			isa = PBXGroup;
			children = (
				D2C1E8582C49DD4A003DEA20 /* UIViewController+Extensions.swift */,
				D253932F2C4C2B2F00DEF9F8 /* String+Extensions.swift */,
			);
			path = Extensions;
			sourceTree = "<group>";
		};
		D2C1E85F2C49F0D1003DEA20 /* Service */ = {
			isa = PBXGroup;
			children = (
				D2C1E8602C49F0EB003DEA20 /* Service.swift */,
				D2C1E8612C49F0EB003DEA20 /* ServiceError.swift */,
				D2C1E8622C49F0EB003DEA20 /* ServicePath.swift */,
			);
			path = Service;
			sourceTree = "<group>";
		};
		D2C1E86A2C49F7BD003DEA20 /* NewsViewController */ = {
			isa = PBXGroup;
			children = (
				D2C1E86F2C49F94F003DEA20 /* NewsTableViewCell */,
				D2C1E86B2C49F7EB003DEA20 /* NewsViewController.swift */,
				D2C1E86C2C49F7EB003DEA20 /* NewsViewController.xib */,
			);
			path = NewsViewController;
			sourceTree = "<group>";
		};
		D2C1E86F2C49F94F003DEA20 /* NewsTableViewCell */ = {
			isa = PBXGroup;
			children = (
				D2C1E8702C49F9D4003DEA20 /* NewsTableViewCell.swift */,
				D2C1E8712C49F9D4003DEA20 /* NewsTableViewCell.xib */,
			);
			path = NewsTableViewCell;
			sourceTree = "<group>";
		};
		D2C1E8762C4B2815003DEA20 /* NewsDetailViewController */ = {
			isa = PBXGroup;
			children = (
				D2C1E8772C4B284D003DEA20 /* NewsDetailViewController.swift */,
				D2C1E8782C4B284D003DEA20 /* NewsDetailViewController.xib */,
			);
			path = NewsDetailViewController;
			sourceTree = "<group>";
		};
		D2C1E87B2C4B2CB7003DEA20 /* NewsViewModel */ = {
			isa = PBXGroup;
			children = (
				D2C1E8742C49FCEA003DEA20 /* NewsViewModel.swift */,
			);
			path = NewsViewModel;
			sourceTree = "<group>";
		};
		D2C1E87C2C4B2CC4003DEA20 /* NewsDetailViewModel */ = {
			isa = PBXGroup;
			children = (
				D2C1E87D2C4B2CE2003DEA20 /* NewsDetailViewModel.swift */,
			);
			path = NewsDetailViewModel;
			sourceTree = "<group>";
		};
		D2C1E87F2C4C0F5D003DEA20 /* UsersViewController */ = {
			isa = PBXGroup;
			children = (
				D28C23C42C4C1431009AEF78 /* UserTableViewCell */,
				D2C1E8802C4C0F7F003DEA20 /* UsersViewController.swift */,
				D2C1E8812C4C0F7F003DEA20 /* UsersViewController.xib */,
			);
			path = UsersViewController;
			sourceTree = "<group>";
		};
/* End PBXGroup section */

/* Begin PBXNativeTarget section */
		D2C1E8372C49DA0D003DEA20 /* JSONPlaceholderApp */ = {
			isa = PBXNativeTarget;
			buildConfigurationList = D2C1E84C2C49DA0E003DEA20 /* Build configuration list for PBXNativeTarget "JSONPlaceholderApp" */;
			buildPhases = (
				E7AA45FB74CE4EE5FEEDA8E7 /* [CP] Check Pods Manifest.lock */,
				D2C1E8342C49DA0D003DEA20 /* Sources */,
				D2C1E8352C49DA0D003DEA20 /* Frameworks */,
				D2C1E8362C49DA0D003DEA20 /* Resources */,
				D25393312C4C506000DEF9F8 /* Swift Lint */,
			);
			buildRules = (
			);
			dependencies = (
			);
			name = JSONPlaceholderApp;
			productName = JSONPlaceholderApp;
			productReference = D2C1E8382C49DA0D003DEA20 /* JSONPlaceholderApp.app */;
			productType = "com.apple.product-type.application";
		};
/* End PBXNativeTarget section */

/* Begin PBXProject section */
		D2C1E8302C49DA0C003DEA20 /* Project object */ = {
			isa = PBXProject;
			attributes = {
				BuildIndependentTargetsInParallel = 1;
				LastSwiftUpdateCheck = 1540;
				LastUpgradeCheck = 1540;
				TargetAttributes = {
					D2C1E8372C49DA0D003DEA20 = {
						CreatedOnToolsVersion = 15.4;
					};
				};
			};
			buildConfigurationList = D2C1E8332C49DA0C003DEA20 /* Build configuration list for PBXProject "JSONPlaceholderApp" */;
			compatibilityVersion = "Xcode 14.0";
			developmentRegion = en;
			hasScannedForEncodings = 0;
			knownRegions = (
				en,
				Base,
			);
			mainGroup = D2C1E82F2C49DA0C003DEA20;
			productRefGroup = D2C1E8392C49DA0D003DEA20 /* Products */;
			projectDirPath = "";
			projectRoot = "";
			targets = (
				D2C1E8372C49DA0D003DEA20 /* JSONPlaceholderApp */,
			);
		};
/* End PBXProject section */

/* Begin PBXResourcesBuildPhase section */
		D2C1E8362C49DA0D003DEA20 /* Resources */ = {
			isa = PBXResourcesBuildPhase;
			buildActionMask = 2147483647;
			files = (
				D2C1E8452C49DA0E003DEA20 /* Assets.xcassets in Resources */,
				D2C1E8832C4C0F7F003DEA20 /* UsersViewController.xib in Resources */,
				D2C1E87A2C4B284D003DEA20 /* NewsDetailViewController.xib in Resources */,
				D28C23C82C4C144A009AEF78 /* UserTableViewCell.xib in Resources */,
				D2C1E8482C49DA0E003DEA20 /* Base in Resources */,
				D2C1E8732C49F9D4003DEA20 /* NewsTableViewCell.xib in Resources */,
				D253933A2C4C792D00DEF9F8 /* UserMapViewController.xib in Resources */,
				D2C1E86E2C49F7EB003DEA20 /* NewsViewController.xib in Resources */,
			);
			runOnlyForDeploymentPostprocessing = 0;
		};
/* End PBXResourcesBuildPhase section */

/* Begin PBXShellScriptBuildPhase section */
		D25393312C4C506000DEF9F8 /* Swift Lint */ = {
			isa = PBXShellScriptBuildPhase;
			alwaysOutOfDate = 1;
			buildActionMask = 2147483647;
			files = (
			);
			inputFileListPaths = (
			);
			inputPaths = (
			);
			name = "Swift Lint";
			outputFileListPaths = (
			);
			outputPaths = (
			);
			runOnlyForDeploymentPostprocessing = 0;
			shellPath = /bin/sh;
			shellScript = "\"${PODS_ROOT}/SwiftLint/swiftlint\" \"${SRCROOT}/JSONPlaceholderApp\"\n\n";
		};
		E7AA45FB74CE4EE5FEEDA8E7 /* [CP] Check Pods Manifest.lock */ = {
			isa = PBXShellScriptBuildPhase;
			buildActionMask = 2147483647;
			files = (
			);
			inputFileListPaths = (
			);
			inputPaths = (
				"${PODS_PODFILE_DIR_PATH}/Podfile.lock",
				"${PODS_ROOT}/Manifest.lock",
			);
			name = "[CP] Check Pods Manifest.lock";
			outputFileListPaths = (
			);
			outputPaths = (
				"$(DERIVED_FILE_DIR)/Pods-JSONPlaceholderApp-checkManifestLockResult.txt",
			);
			runOnlyForDeploymentPostprocessing = 0;
			shellPath = /bin/sh;
			shellScript = "diff \"${PODS_PODFILE_DIR_PATH}/Podfile.lock\" \"${PODS_ROOT}/Manifest.lock\" > /dev/null\nif [ $? != 0 ] ; then\n    # print error to STDERR\n    echo \"error: The sandbox is not in sync with the Podfile.lock. Run 'pod install' or update your CocoaPods installation.\" >&2\n    exit 1\nfi\n# This output is used by Xcode 'outputs' to avoid re-running this script phase.\necho \"SUCCESS\" > \"${SCRIPT_OUTPUT_FILE_0}\"\n";
			showEnvVarsInLog = 0;
		};
/* End PBXShellScriptBuildPhase section */

/* Begin PBXSourcesBuildPhase section */
		D2C1E8342C49DA0D003DEA20 /* Sources */ = {
			isa = PBXSourcesBuildPhase;
			buildActionMask = 2147483647;
			files = (
				D2C1E87E2C4B2CE2003DEA20 /* NewsDetailViewModel.swift in Sources */,
				D2C1E8642C49F0EB003DEA20 /* ServiceError.swift in Sources */,
				D253933D2C4C7AF000DEF9F8 /* UserMapViewModel.swift in Sources */,
				D2C1E8722C49F9D4003DEA20 /* NewsTableViewCell.swift in Sources */,
				D2C1E8652C49F0EB003DEA20 /* ServicePath.swift in Sources */,
				D25393302C4C2B2F00DEF9F8 /* String+Extensions.swift in Sources */,
				D28C23C72C4C144A009AEF78 /* UserTableViewCell.swift in Sources */,
				D2C1E8682C49F171003DEA20 /* UserModel.swift in Sources */,
				D2C1E86D2C49F7EB003DEA20 /* NewsViewController.swift in Sources */,
				D2C1E8692C49F171003DEA20 /* NewsModel.swift in Sources */,
				D253932E2C4C178400DEF9F8 /* UsersViewModel.swift in Sources */,
				D2C1E8822C4C0F7F003DEA20 /* UsersViewController.swift in Sources */,
				D2C1E8792C4B284D003DEA20 /* NewsDetailViewController.swift in Sources */,
				D2C1E8592C49DD4A003DEA20 /* UIViewController+Extensions.swift in Sources */,
				D25393392C4C792D00DEF9F8 /* UserMapViewController.swift in Sources */,
				D2C1E8752C49FCEA003DEA20 /* NewsViewModel.swift in Sources */,
				D2C1E83C2C49DA0D003DEA20 /* AppDelegate.swift in Sources */,
				D2C1E8632C49F0EB003DEA20 /* Service.swift in Sources */,
				D2C1E8562C49DD28003DEA20 /* TabBarViewController.swift in Sources */,
				D2C1E83E2C49DA0D003DEA20 /* SceneDelegate.swift in Sources */,
			);
			runOnlyForDeploymentPostprocessing = 0;
		};
/* End PBXSourcesBuildPhase section */

/* Begin PBXVariantGroup section */
		D2C1E8462C49DA0E003DEA20 /* LaunchScreen.storyboard */ = {
			isa = PBXVariantGroup;
			children = (
				D2C1E8472C49DA0E003DEA20 /* Base */,
			);
			name = LaunchScreen.storyboard;
			sourceTree = "<group>";
		};
/* End PBXVariantGroup section */

/* Begin XCBuildConfiguration section */
		D2C1E84A2C49DA0E003DEA20 /* Debug */ = {
			isa = XCBuildConfiguration;
			buildSettings = {
				ALWAYS_SEARCH_USER_PATHS = NO;
				ASSETCATALOG_COMPILER_GENERATE_SWIFT_ASSET_SYMBOL_EXTENSIONS = YES;
				CLANG_ANALYZER_NONNULL = YES;
				CLANG_ANALYZER_NUMBER_OBJECT_CONVERSION = YES_AGGRESSIVE;
				CLANG_CXX_LANGUAGE_STANDARD = "gnu++20";
				CLANG_ENABLE_MODULES = YES;
				CLANG_ENABLE_OBJC_ARC = YES;
				CLANG_ENABLE_OBJC_WEAK = YES;
				CLANG_WARN_BLOCK_CAPTURE_AUTORELEASING = YES;
				CLANG_WARN_BOOL_CONVERSION = YES;
				CLANG_WARN_COMMA = YES;
				CLANG_WARN_CONSTANT_CONVERSION = YES;
				CLANG_WARN_DEPRECATED_OBJC_IMPLEMENTATIONS = YES;
				CLANG_WARN_DIRECT_OBJC_ISA_USAGE = YES_ERROR;
				CLANG_WARN_DOCUMENTATION_COMMENTS = YES;
				CLANG_WARN_EMPTY_BODY = YES;
				CLANG_WARN_ENUM_CONVERSION = YES;
				CLANG_WARN_INFINITE_RECURSION = YES;
				CLANG_WARN_INT_CONVERSION = YES;
				CLANG_WARN_NON_LITERAL_NULL_CONVERSION = YES;
				CLANG_WARN_OBJC_IMPLICIT_RETAIN_SELF = YES;
				CLANG_WARN_OBJC_LITERAL_CONVERSION = YES;
				CLANG_WARN_OBJC_ROOT_CLASS = YES_ERROR;
				CLANG_WARN_QUOTED_INCLUDE_IN_FRAMEWORK_HEADER = YES;
				CLANG_WARN_RANGE_LOOP_ANALYSIS = YES;
				CLANG_WARN_STRICT_PROTOTYPES = YES;
				CLANG_WARN_SUSPICIOUS_MOVE = YES;
				CLANG_WARN_UNGUARDED_AVAILABILITY = YES_AGGRESSIVE;
				CLANG_WARN_UNREACHABLE_CODE = YES;
				CLANG_WARN__DUPLICATE_METHOD_MATCH = YES;
				COPY_PHASE_STRIP = NO;
				DEBUG_INFORMATION_FORMAT = dwarf;
				ENABLE_STRICT_OBJC_MSGSEND = YES;
				ENABLE_TESTABILITY = YES;
				ENABLE_USER_SCRIPT_SANDBOXING = NO;
				GCC_C_LANGUAGE_STANDARD = gnu17;
				GCC_DYNAMIC_NO_PIC = NO;
				GCC_NO_COMMON_BLOCKS = YES;
				GCC_OPTIMIZATION_LEVEL = 0;
				GCC_PREPROCESSOR_DEFINITIONS = (
					"DEBUG=1",
					"$(inherited)",
				);
				GCC_WARN_64_TO_32_BIT_CONVERSION = YES;
				GCC_WARN_ABOUT_RETURN_TYPE = YES_ERROR;
				GCC_WARN_UNDECLARED_SELECTOR = YES;
				GCC_WARN_UNINITIALIZED_AUTOS = YES_AGGRESSIVE;
				GCC_WARN_UNUSED_FUNCTION = YES;
				GCC_WARN_UNUSED_VARIABLE = YES;
				IPHONEOS_DEPLOYMENT_TARGET = 15.0;
				LOCALIZATION_PREFERS_STRING_CATALOGS = YES;
				MTL_ENABLE_DEBUG_INFO = INCLUDE_SOURCE;
				MTL_FAST_MATH = YES;
				ONLY_ACTIVE_ARCH = YES;
				SDKROOT = iphoneos;
				SWIFT_ACTIVE_COMPILATION_CONDITIONS = "DEBUG $(inherited)";
				SWIFT_OPTIMIZATION_LEVEL = "-Onone";
			};
			name = Debug;
		};
		D2C1E84B2C49DA0E003DEA20 /* Release */ = {
			isa = XCBuildConfiguration;
			buildSettings = {
				ALWAYS_SEARCH_USER_PATHS = NO;
				ASSETCATALOG_COMPILER_GENERATE_SWIFT_ASSET_SYMBOL_EXTENSIONS = YES;
				CLANG_ANALYZER_NONNULL = YES;
				CLANG_ANALYZER_NUMBER_OBJECT_CONVERSION = YES_AGGRESSIVE;
				CLANG_CXX_LANGUAGE_STANDARD = "gnu++20";
				CLANG_ENABLE_MODULES = YES;
				CLANG_ENABLE_OBJC_ARC = YES;
				CLANG_ENABLE_OBJC_WEAK = YES;
				CLANG_WARN_BLOCK_CAPTURE_AUTORELEASING = YES;
				CLANG_WARN_BOOL_CONVERSION = YES;
				CLANG_WARN_COMMA = YES;
				CLANG_WARN_CONSTANT_CONVERSION = YES;
				CLANG_WARN_DEPRECATED_OBJC_IMPLEMENTATIONS = YES;
				CLANG_WARN_DIRECT_OBJC_ISA_USAGE = YES_ERROR;
				CLANG_WARN_DOCUMENTATION_COMMENTS = YES;
				CLANG_WARN_EMPTY_BODY = YES;
				CLANG_WARN_ENUM_CONVERSION = YES;
				CLANG_WARN_INFINITE_RECURSION = YES;
				CLANG_WARN_INT_CONVERSION = YES;
				CLANG_WARN_NON_LITERAL_NULL_CONVERSION = YES;
				CLANG_WARN_OBJC_IMPLICIT_RETAIN_SELF = YES;
				CLANG_WARN_OBJC_LITERAL_CONVERSION = YES;
				CLANG_WARN_OBJC_ROOT_CLASS = YES_ERROR;
				CLANG_WARN_QUOTED_INCLUDE_IN_FRAMEWORK_HEADER = YES;
				CLANG_WARN_RANGE_LOOP_ANALYSIS = YES;
				CLANG_WARN_STRICT_PROTOTYPES = YES;
				CLANG_WARN_SUSPICIOUS_MOVE = YES;
				CLANG_WARN_UNGUARDED_AVAILABILITY = YES_AGGRESSIVE;
				CLANG_WARN_UNREACHABLE_CODE = YES;
				CLANG_WARN__DUPLICATE_METHOD_MATCH = YES;
				COPY_PHASE_STRIP = NO;
				DEBUG_INFORMATION_FORMAT = "dwarf-with-dsym";
				ENABLE_NS_ASSERTIONS = NO;
				ENABLE_STRICT_OBJC_MSGSEND = YES;
				ENABLE_USER_SCRIPT_SANDBOXING = NO;
				GCC_C_LANGUAGE_STANDARD = gnu17;
				GCC_NO_COMMON_BLOCKS = YES;
				GCC_WARN_64_TO_32_BIT_CONVERSION = YES;
				GCC_WARN_ABOUT_RETURN_TYPE = YES_ERROR;
				GCC_WARN_UNDECLARED_SELECTOR = YES;
				GCC_WARN_UNINITIALIZED_AUTOS = YES_AGGRESSIVE;
				GCC_WARN_UNUSED_FUNCTION = YES;
				GCC_WARN_UNUSED_VARIABLE = YES;
				IPHONEOS_DEPLOYMENT_TARGET = 15.0;
				LOCALIZATION_PREFERS_STRING_CATALOGS = YES;
				MTL_ENABLE_DEBUG_INFO = NO;
				MTL_FAST_MATH = YES;
				SDKROOT = iphoneos;
				SWIFT_COMPILATION_MODE = wholemodule;
				VALIDATE_PRODUCT = YES;
			};
			name = Release;
		};
		D2C1E84D2C49DA0E003DEA20 /* Debug */ = {
			isa = XCBuildConfiguration;
			baseConfigurationReference = D355B9AC769922B83DA0A226 /* Pods-JSONPlaceholderApp.debug.xcconfig */;
			buildSettings = {
				ASSETCATALOG_COMPILER_APPICON_NAME = AppIcon;
				ASSETCATALOG_COMPILER_GLOBAL_ACCENT_COLOR_NAME = AccentColor;
				CODE_SIGN_STYLE = Automatic;
				CURRENT_PROJECT_VERSION = 1;
				DEVELOPMENT_TEAM = K6M8KNJT3U;
				GENERATE_INFOPLIST_FILE = YES;
				INFOPLIST_FILE = JSONPlaceholderApp/Info.plist;
				INFOPLIST_KEY_UIApplicationSupportsIndirectInputEvents = YES;
				INFOPLIST_KEY_UILaunchStoryboardName = LaunchScreen;
				INFOPLIST_KEY_UIMainStoryboardFile = "";
				INFOPLIST_KEY_UISupportedInterfaceOrientations_iPad = "UIInterfaceOrientationPortrait UIInterfaceOrientationPortraitUpsideDown UIInterfaceOrientationLandscapeLeft UIInterfaceOrientationLandscapeRight";
				INFOPLIST_KEY_UISupportedInterfaceOrientations_iPhone = "UIInterfaceOrientationPortrait UIInterfaceOrientationLandscapeLeft UIInterfaceOrientationLandscapeRight";
				LD_RUNPATH_SEARCH_PATHS = (
					"$(inherited)",
					"@executable_path/Frameworks",
				);
				MARKETING_VERSION = 1.0;
				PRODUCT_BUNDLE_IDENTIFIER = com.SevenSoftware.JSONPlaceholderApp;
				PRODUCT_NAME = "$(TARGET_NAME)";
				SWIFT_EMIT_LOC_STRINGS = YES;
				SWIFT_VERSION = 5.0;
				TARGETED_DEVICE_FAMILY = "1,2";
			};
			name = Debug;
		};
		D2C1E84E2C49DA0E003DEA20 /* Release */ = {
			isa = XCBuildConfiguration;
			baseConfigurationReference = 808F939D3FB01BA2D15CC6D1 /* Pods-JSONPlaceholderApp.release.xcconfig */;
			buildSettings = {
				ASSETCATALOG_COMPILER_APPICON_NAME = AppIcon;
				ASSETCATALOG_COMPILER_GLOBAL_ACCENT_COLOR_NAME = AccentColor;
				CODE_SIGN_STYLE = Automatic;
				CURRENT_PROJECT_VERSION = 1;
				DEVELOPMENT_TEAM = K6M8KNJT3U;
				GENERATE_INFOPLIST_FILE = YES;
				INFOPLIST_FILE = JSONPlaceholderApp/Info.plist;
				INFOPLIST_KEY_UIApplicationSupportsIndirectInputEvents = YES;
				INFOPLIST_KEY_UILaunchStoryboardName = LaunchScreen;
				INFOPLIST_KEY_UIMainStoryboardFile = "";
				INFOPLIST_KEY_UISupportedInterfaceOrientations_iPad = "UIInterfaceOrientationPortrait UIInterfaceOrientationPortraitUpsideDown UIInterfaceOrientationLandscapeLeft UIInterfaceOrientationLandscapeRight";
				INFOPLIST_KEY_UISupportedInterfaceOrientations_iPhone = "UIInterfaceOrientationPortrait UIInterfaceOrientationLandscapeLeft UIInterfaceOrientationLandscapeRight";
				LD_RUNPATH_SEARCH_PATHS = (
					"$(inherited)",
					"@executable_path/Frameworks",
				);
				MARKETING_VERSION = 1.0;
				PRODUCT_BUNDLE_IDENTIFIER = com.SevenSoftware.JSONPlaceholderApp;
				PRODUCT_NAME = "$(TARGET_NAME)";
				SWIFT_EMIT_LOC_STRINGS = YES;
				SWIFT_VERSION = 5.0;
				TARGETED_DEVICE_FAMILY = "1,2";
			};
			name = Release;
		};
/* End XCBuildConfiguration section */

/* Begin XCConfigurationList section */
		D2C1E8332C49DA0C003DEA20 /* Build configuration list for PBXProject "JSONPlaceholderApp" */ = {
			isa = XCConfigurationList;
			buildConfigurations = (
				D2C1E84A2C49DA0E003DEA20 /* Debug */,
				D2C1E84B2C49DA0E003DEA20 /* Release */,
			);
			defaultConfigurationIsVisible = 0;
			defaultConfigurationName = Release;
		};
		D2C1E84C2C49DA0E003DEA20 /* Build configuration list for PBXNativeTarget "JSONPlaceholderApp" */ = {
			isa = XCConfigurationList;
			buildConfigurations = (
				D2C1E84D2C49DA0E003DEA20 /* Debug */,
				D2C1E84E2C49DA0E003DEA20 /* Release */,
			);
			defaultConfigurationIsVisible = 0;
			defaultConfigurationName = Release;
		};
/* End XCConfigurationList section */
	};
	rootObject = D2C1E8302C49DA0C003DEA20 /* Project object */;
}
